<Project xmlns="http://schemas.microsoft.com/developer/msbuild/2003">
    <PropertyGroup>
        <ProjectGuid>{49EDA217-AEED-4511-9FEA-7EB2C45B3724}</ProjectGuid>
        <ProjectVersion>14.6</ProjectVersion>
        <MainSource>OraBone.dpr</MainSource>
        <Base>True</Base>
        <Config Condition="'$(Config)'==''">Debug</Config>
        <AppType>Application</AppType>
        <FrameworkType>VCL</FrameworkType>
        <DCC_DCCCompiler>DCC32</DCC_DCCCompiler>
        <Platform Condition="'$(Platform)'==''">Win32</Platform>
        <TargetedPlatforms>3</TargetedPlatforms>
    </PropertyGroup>
    <PropertyGroup Condition="'$(Config)'=='Base' or '$(Base)'!=''">
        <Base>true</Base>
    </PropertyGroup>
    <PropertyGroup Condition="('$(Platform)'=='Win32' and '$(Base)'=='true') or '$(Base_Win32)'!=''">
        <Base_Win32>true</Base_Win32>
        <CfgParent>Base</CfgParent>
        <Base>true</Base>
    </PropertyGroup>
    <PropertyGroup Condition="('$(Platform)'=='Win64' and '$(Base)'=='true') or '$(Base_Win64)'!=''">
        <Base_Win64>true</Base_Win64>
        <CfgParent>Base</CfgParent>
        <Base>true</Base>
    </PropertyGroup>
    <PropertyGroup Condition="'$(Config)'=='Debug' or '$(Cfg_1)'!=''">
        <Cfg_1>true</Cfg_1>
        <CfgParent>Base</CfgParent>
        <Base>true</Base>
    </PropertyGroup>
    <PropertyGroup Condition="('$(Platform)'=='Win32' and '$(Cfg_1)'=='true') or '$(Cfg_1_Win32)'!=''">
        <Cfg_1_Win32>true</Cfg_1_Win32>
        <CfgParent>Cfg_1</CfgParent>
        <Cfg_1>true</Cfg_1>
        <Base>true</Base>
    </PropertyGroup>
    <PropertyGroup Condition="('$(Platform)'=='Win64' and '$(Cfg_1)'=='true') or '$(Cfg_1_Win64)'!=''">
        <Cfg_1_Win64>true</Cfg_1_Win64>
        <CfgParent>Cfg_1</CfgParent>
        <Cfg_1>true</Cfg_1>
        <Base>true</Base>
    </PropertyGroup>
    <PropertyGroup Condition="'$(Config)'=='Release' or '$(Cfg_2)'!=''">
        <Cfg_2>true</Cfg_2>
        <CfgParent>Base</CfgParent>
        <Base>true</Base>
    </PropertyGroup>
    <PropertyGroup Condition="('$(Platform)'=='Win32' and '$(Cfg_2)'=='true') or '$(Cfg_2_Win32)'!=''">
        <Cfg_2_Win32>true</Cfg_2_Win32>
        <CfgParent>Cfg_2</CfgParent>
        <Cfg_2>true</Cfg_2>
        <Base>true</Base>
    </PropertyGroup>
    <PropertyGroup Condition="('$(Platform)'=='Win64' and '$(Cfg_2)'=='true') or '$(Cfg_2_Win64)'!=''">
        <Cfg_2_Win64>true</Cfg_2_Win64>
        <CfgParent>Cfg_2</CfgParent>
        <Cfg_2>true</Cfg_2>
        <Base>true</Base>
    </PropertyGroup>
    <PropertyGroup Condition="'$(Base)'!=''">
        <VerInfo_Keys>CompanyName=;FileDescription=;FileVersion=1.2.0.0;InternalName=;LegalCopyright=;LegalTrademarks=;OriginalFilename=;ProductName=;ProductVersion=1.0.0.0;Comments=</VerInfo_Keys>
        <VerInfo_MinorVer>2</VerInfo_MinorVer>
        <VerInfo_Locale>1033</VerInfo_Locale>
        <DCC_Namespace>Vcl;Vcl.Imaging;Vcl.Touch;Vcl.Samples;Vcl.Shell;System;Xml;Data;Datasnap;Web;Soap;Winapi;System.Win;Bde;$(DCC_Namespace)</DCC_Namespace>
        <DCC_UsePackage>vclx;vcl;VclSmp;rtl;vclimg;svnui;svn;bdertl;TeeUI;TeeDB;Tee;vclactnband;vcldb;dbrtl;vcldbx;vcltouch;xmlrtl;dsnap;dsnapcon;adortl;IndyCore;IndySystem;IndyProtocols;inet;intrawebdb_110_150;Intraweb_110_150;vclie;websnap;webdsnap;inetdb;inetdbbde;inetdbxpress;soaprtl;vclribbon;dbexpress;DbxCommonDriver;DataSnapIndy10ServerTransport;DataSnapProviderClient;DbxClientDriver;DataSnapClient;dbxcds;DataSnapServer;AzureCloud;DBXInterBaseDriver;DBXMySQLDriver;DBXFirebirdDriver;DBXSybaseASEDriver;DBXSybaseASADriver;DBXOracleDriver;DBXMSSQLDriver;DBXInformixDriver;DBXDb2Driver;CodeSiteExpressVcl;JclDeveloperTools;Jcl;JclVcl;JclContainers;JvCore;JvSystem;JvStdCtrls;JvControls;JvCmp;JvCustom;JvDlgs;JvCrypt;JvMM;JvNet;JvAppFrm;JvDB;JvBDE;JvPascalInterpreter;JvBands;JvPluginSystem;JvJans;JvGlobus;JvPrintPreview;JvPageComps;JvWizards;JvTimeFramework;JvHMI;JvManagedThreads;JvXPCtrls;JvDocking;JvDotNetCtrls;JvRuntimeDesign;odacvcl150;odac150;dacvcl150;dac150;$(DCC_UsePackage)</DCC_UsePackage>
        <DCC_ImageBase>00400000</DCC_ImageBase>
        <DCC_DcuOutput>.\$(Config)\$(Platform)</DCC_DcuOutput>
        <DCC_ExeOutput>..\$(Config)\</DCC_ExeOutput>
    </PropertyGroup>
    <PropertyGroup Condition="'$(Base_Win32)'!=''">
        <VerInfo_IncludeVerInfo>true</VerInfo_IncludeVerInfo>
        <Icon_MainIcon>OraBone_Icon3.ico</Icon_MainIcon>
        <DCC_Namespace>Data.Win;Datasnap.Win;Web.Win;Soap.Win;Xml.Win;$(DCC_Namespace)</DCC_Namespace>
        <VerInfo_Locale>1033</VerInfo_Locale>
        <Manifest_File>$(BDS)\bin\default_app.manifest</Manifest_File>
        <VerInfo_Keys>CompanyName=;FileDescription=;FileVersion=1.0.0.0;InternalName=;LegalCopyright=;LegalTrademarks=;OriginalFilename=;ProductName=;ProductVersion=1.0.0.0;Comments=</VerInfo_Keys>
    </PropertyGroup>
    <PropertyGroup Condition="'$(Base_Win64)'!=''">
        <VerInfo_IncludeVerInfo>true</VerInfo_IncludeVerInfo>
        <DCC_Namespace>Data.Win;Datasnap.Win;Web.Win;Soap.Win;Xml.Win;$(DCC_Namespace)</DCC_Namespace>
        <VerInfo_Keys>CompanyName=;FileDescription=;FileVersion=1.0.0.0;InternalName=;LegalCopyright=;LegalTrademarks=;OriginalFilename=;ProductName=;ProductVersion=1.0.0.0;Comments=</VerInfo_Keys>
        <Icon_MainIcon>OraBone_Icon3.ico</Icon_MainIcon>
        <Manifest_File>$(BDS)\bin\default_app.manifest</Manifest_File>
    </PropertyGroup>
    <PropertyGroup Condition="'$(Cfg_1)'!=''">
        <DCC_GenerateStackFrames>true</DCC_GenerateStackFrames>
        <DCC_Optimize>false</DCC_Optimize>
        <DCC_ExeOutput>..\$(Config)\</DCC_ExeOutput>
        <DCC_DcuOutput>.\dcu\</DCC_DcuOutput>
        <DCC_Define>DEBUG;$(DCC_Define)</DCC_Define>
    </PropertyGroup>
    <PropertyGroup Condition="'$(Cfg_1_Win32)'!=''">
        <DCC_UnitSearchPath>D:\Bonecode XE4\Components\src\SQLParser\dxe4;$(DCC_UnitSearchPath)</DCC_UnitSearchPath>
        <VerInfo_IncludeVerInfo>true</VerInfo_IncludeVerInfo>
        <VerInfo_MinorVer>0</VerInfo_MinorVer>
        <VerInfo_Keys>CompanyName=;FileDescription=;FileVersion=1.0.0.0;InternalName=;LegalCopyright=;LegalTrademarks=;OriginalFilename=;ProductName=;ProductVersion=1.0.0.0;Comments=</VerInfo_Keys>
    </PropertyGroup>
    <PropertyGroup Condition="'$(Cfg_1_Win64)'!=''">
        <VerInfo_MinorVer>0</VerInfo_MinorVer>
        <DCC_UnitSearchPath>C:\Program Files (x86)\Devart\ODAC for RAD Studio XE4\Bin\Win64;D:\Bonecode XE4\Components\src\Controls;D:\Bonecode XE4\Components\src\UniSynEdit\Source;D:\Bonecode XE4\Components\src\SynWeb\Source;C:\Program Files (x86)\Embarcadero\RAD Studio\11.0\source\VirtualTree\Source;C:\Program Files (x86)\Embarcadero\RAD Studio\11.0\source\EhLib\RADStudioXE4\Win64\Release;C:\Program Files (x86)\Embarcadero\RAD Studio\11.0\source\OmniXML\src;C:\Program Files (x86)\Embarcadero\RAD Studio\11.0\source\EhLib\Common;D:\Bonecode XE4\Components\src\SQLParser\dxe4_64_bit;$(DCC_UnitSearchPath)</DCC_UnitSearchPath>
        <VerInfo_IncludeVerInfo>true</VerInfo_IncludeVerInfo>
        <VerInfo_Keys>CompanyName=;FileDescription=;FileVersion=1.0.0.0;InternalName=;LegalCopyright=;LegalTrademarks=;OriginalFilename=;ProductName=;ProductVersion=1.0.0.0;Comments=</VerInfo_Keys>
    </PropertyGroup>
    <PropertyGroup Condition="'$(Cfg_2)'!=''">
        <DCC_LocalDebugSymbols>false</DCC_LocalDebugSymbols>
        <DCC_Define>RELEASE;$(DCC_Define)</DCC_Define>
        <DCC_SymbolReferenceInfo>0</DCC_SymbolReferenceInfo>
        <DCC_DebugInformation>false</DCC_DebugInformation>
    </PropertyGroup>
    <PropertyGroup Condition="'$(Cfg_2_Win32)'!=''">
        <DCC_UnitSearchPath>D:\Bonecode XE4\Components\src\SQLParser\dxe4;$(DCC_UnitSearchPath)</DCC_UnitSearchPath>
        <VerInfo_MinorVer>1</VerInfo_MinorVer>
        <VerInfo_MajorVer>7</VerInfo_MajorVer>
        <VerInfo_Keys>CompanyName=;FileDescription=;FileVersion=7.1.0.0;InternalName=;LegalCopyright=Copyright © 2010-2013 Lasse Rautiainen. All Rights Reserved.;LegalTrademarks=;OriginalFilename=;ProductName=OraBone;ProductVersion=7.1.0;Comments=</VerInfo_Keys>
        <VerInfo_IncludeVerInfo>true</VerInfo_IncludeVerInfo>
    </PropertyGroup>
    <PropertyGroup Condition="'$(Cfg_2_Win64)'!=''">
        <VerInfo_MinorVer>1</VerInfo_MinorVer>
        <VerInfo_MajorVer>7</VerInfo_MajorVer>
        <DCC_UnitSearchPath>C:\Program Files (x86)\Devart\ODAC for RAD Studio XE4\Bin\Win64;D:\Bonecode XE4\Components\src\Controls;D:\Bonecode XE4\Components\src\UniSynEdit\Source;D:\Bonecode XE4\Components\src\SynWeb\Source;C:\Program Files (x86)\Embarcadero\RAD Studio\11.0\source\VirtualTree\Source;C:\Program Files (x86)\Embarcadero\RAD Studio\11.0\source\EhLib\RADStudioXE4\Win64\Release;C:\Program Files (x86)\Embarcadero\RAD Studio\11.0\source\OmniXML\src;C:\Program Files (x86)\Embarcadero\RAD Studio\11.0\source\EhLib\Common;D:\Bonecode XE4\Components\src\SQLParser\dxe4_64_bit;$(DCC_UnitSearchPath)</DCC_UnitSearchPath>
        <VerInfo_IncludeVerInfo>true</VerInfo_IncludeVerInfo>
        <VerInfo_Keys>CompanyName=;FileDescription=;FileVersion=7.1.0.0;InternalName=;LegalCopyright=Copyright © 2010-2013 Lasse Rautiainen. All Rights Reserved.;LegalTrademarks=;OriginalFilename=;ProductName=OraBone;ProductVersion=7.1.0;Comments=</VerInfo_Keys>
    </PropertyGroup>
    <ItemGroup>
        <DelphiCompile Include="$(MainSource)">
            <MainSource>MainSource</MainSource>
        </DelphiCompile>
        <DCCReference Include="forms\Main.pas">
            <Form>MainForm</Form>
        </DCCReference>
        <DCCReference Include="dialogs\About.pas">
            <Form>AboutDialog</Form>
        </DCCReference>
        <DCCReference Include="units\Lib.pas"/>
        <DCCReference Include="dialogs\ConnectClient.pas">
            <Form>ConnectClientDialog</Form>
        </DCCReference>
        <DCCReference Include="frames\ObjectTree.pas">
            <Form>ObjectTreeFrame</Form>
            <DesignClass>TFrame</DesignClass>
        </DCCReference>
        <DCCReference Include="frames\SQLEditor.pas">
            <Form>SQLEditorFrame</Form>
            <DesignClass>TFrame</DesignClass>
        </DCCReference>
        <DCCReference Include="..\..\Common\dialogs\BCDialogs.Replace.pas">
            <Form>ReplaceDialog</Form>
        </DCCReference>
        <DCCReference Include="..\..\Common\dialogs\BCDialogs.ConfirmReplace.pas">
            <Form>ConfirmReplaceDialog</Form>
        </DCCReference>
        <DCCReference Include="frames\SchemaBrowser.pas">
            <Form>SchemaBrowserFrame</Form>
            <DesignClass>TFrame</DesignClass>
        </DCCReference>
        <DCCReference Include="dialogs\DataFilter.pas">
            <Form>DataFilterDialog</Form>
        </DCCReference>
        <DCCReference Include="frames\ViewBrowser.pas">
            <Form>ViewBrowserFrame</Form>
            <DesignClass>TFrame</DesignClass>
        </DCCReference>
        <DCCReference Include="frames\FuncProcBrowser.pas">
            <Form>FuncProcBrowserFrame</Form>
            <DesignClass>TFrame</DesignClass>
        </DCCReference>
        <DCCReference Include="frames\PackageBrowser.pas">
            <Form>PackageBrowserFrame</Form>
            <DesignClass>TFrame</DesignClass>
        </DCCReference>
        <DCCReference Include="frames\TriggerBrowser.pas">
            <Form>TriggerBrowserFrame</Form>
            <DesignClass>TFrame</DesignClass>
        </DCCReference>
        <DCCReference Include="frames\ConstraintBrowser.pas">
            <Form>ConstraintBrowserFrame</Form>
            <DesignClass>TFrame</DesignClass>
        </DCCReference>
        <DCCReference Include="frames\IndexBrowser.pas">
            <Form>IndexBrowserFrame</Form>
            <DesignClass>TFrame</DesignClass>
        </DCCReference>
        <DCCReference Include="frames\SequenceBrowser.pas">
            <Form>SequenceBrowserFrame</Form>
            <DesignClass>TFrame</DesignClass>
        </DCCReference>
        <DCCReference Include="dialogs\ConnectList.pas">
            <Form>ConnectListDialog</Form>
        </DCCReference>
        <DCCReference Include="dialogs\ConnectDirect.pas">
            <Form>ConnectDirectDialog</Form>
        </DCCReference>
        <DCCReference Include="frames\SynonymBrowser.pas">
            <Form>SynonymBrowserFrame</Form>
            <DesignClass>TFrame</DesignClass>
        </DCCReference>
        <DCCReference Include="frames\DBLinkBrowser.pas">
            <Form>DBLinkBrowserFrame</Form>
            <DesignClass>TFrame</DesignClass>
        </DCCReference>
        <DCCReference Include="frames\RecycleBinBrowser.pas">
            <Form>RecycleBinBrowserFrame</Form>
            <DesignClass>TFrame</DesignClass>
        </DCCReference>
        <DCCReference Include="..\..\Common\dialogs\BCDialogs.FindInFiles.pas">
            <Form>FindInFilesDialog</Form>
        </DCCReference>
        <DCCReference Include="frames\Output.pas">
            <Form>OutputFrame</Form>
            <DesignClass>TFrame</DesignClass>
        </DCCReference>
        <DCCReference Include="dialogs\Parameters.pas">
            <Form>ParametersDialog</Form>
        </DCCReference>
        <DCCReference Include="frames\SQLHistory.pas">
            <Form>SQLHistoryFrame</Form>
            <DesignClass>TFrame</DesignClass>
        </DCCReference>
        <DCCReference Include="dialogs\StringData.pas">
            <Form>StringDataDialog</Form>
        </DCCReference>
        <DCCReference Include="dialogs\SchemaFilter.pas">
            <Form>SchemaFilterDialog</Form>
        </DCCReference>
        <DCCReference Include="dialogs\ExportTableData.pas">
            <Form>ExportTableDataDialog</Form>
        </DCCReference>
        <DCCReference Include="dialogs\Progress.pas">
            <Form>ProgressDialog</Form>
        </DCCReference>
        <DCCReference Include="dialogs\DataSort.pas">
            <Form>DataSortDialog</Form>
        </DCCReference>
        <DCCReference Include="dialogs\SQLProgress.pas">
            <Form>SQLProgressDialog</Form>
        </DCCReference>
        <DCCReference Include="dialogs\QueryProgress.pas">
            <Form>QueryProgressDialog</Form>
        </DCCReference>
        <DCCReference Include="dialogs\ImportTableData.pas">
            <Form>ImportTableDataDialog</Form>
        </DCCReference>
        <DCCReference Include="dialogs\CustomizePages.pas">
            <Form>CustomizePageControlDialog</Form>
        </DCCReference>
        <DCCReference Include="dialogs\DropTable.pas">
            <Form>DropTableDialog</Form>
        </DCCReference>
        <DCCReference Include="dialogs\AnalyzeTable.pas">
            <Form>AnalyzeTableDialog</Form>
        </DCCReference>
        <DCCReference Include="dialogs\DropUser.pas">
            <Form>DropUserDialog</Form>
        </DCCReference>
        <DCCReference Include="frames\UserBrowser.pas">
            <Form>UserBrowserFrame</Form>
            <DesignClass>TFrame</DesignClass>
        </DCCReference>
        <DCCReference Include="forms\SchemaDocument.pas">
            <Form>SchemaDocumentForm</Form>
        </DCCReference>
        <DCCReference Include="frames\TableBrowser.pas">
            <Form>TableBrowserFrame</Form>
            <DesignClass>TFrame</DesignClass>
        </DCCReference>
        <DCCReference Include="dialogs\CustomizeObjectBrowser.pas">
            <Form>CustomizeObjectBrowserDialog</Form>
        </DCCReference>
        <DCCReference Include="units\DataModule.pas">
            <Form>DM</Form>
            <DesignClass>TDataModule</DesignClass>
        </DCCReference>
        <DCCReference Include="dialogs\Blob.pas">
            <Form>BlobDialog</Form>
        </DCCReference>
        <DCCReference Include="dialogs\CustomizeTableColumns.pas">
            <Form>CustomizeTableColumnsDialog</Form>
        </DCCReference>
        <DCCReference Include="dialogs\CreateObjectDialog.pas">
            <Form>CreateObjectBaseDialog</Form>
        </DCCReference>
        <DCCReference Include="dialogs\CreateDBLink.pas">
            <Form>CreateDBLinkDialog</Form>
        </DCCReference>
        <DCCReference Include="dialogs\CreateConstraint.pas">
            <Form>CreateConstraintDialog</Form>
        </DCCReference>
        <DCCReference Include="dialogs\CreateFunction.pas">
            <Form>CreateFunctionDialog</Form>
        </DCCReference>
        <DCCReference Include="dialogs\CreateIndex.pas">
            <Form>CreateIndexDialog</Form>
        </DCCReference>
        <DCCReference Include="dialogs\CreatePackage.pas">
            <Form>CreatePackageDialog</Form>
        </DCCReference>
        <DCCReference Include="dialogs\CreateSequence.pas">
            <Form>CreateSequenceDialog</Form>
        </DCCReference>
        <DCCReference Include="dialogs\CreateSynonym.pas">
            <Form>CreateSynonymDialog</Form>
        </DCCReference>
        <DCCReference Include="dialogs\CreateTable.pas">
            <Form>CreateTableDialog</Form>
        </DCCReference>
        <DCCReference Include="dialogs\CreateTrigger.pas">
            <Form>CreateTriggerDialog</Form>
        </DCCReference>
        <DCCReference Include="dialogs\CreateUser.pas">
            <Form>CreateUserDialog</Form>
        </DCCReference>
        <DCCReference Include="dialogs\CreateView.pas">
            <Form>CreateViewDialog</Form>
        </DCCReference>
        <DCCReference Include="dialogs\CreateProcedure.pas">
            <Form>CreateProcedureDialog</Form>
        </DCCReference>
        <DCCReference Include="dialogs\AlterTable.pas">
            <Form>AlterTableDialog</Form>
        </DCCReference>
        <DCCReference Include="dialogs\AlterView.pas">
            <Form>AlterViewDialog</Form>
        </DCCReference>
        <DCCReference Include="forms\ObjectSearch.pas">
            <Form>ObjectSearhForm</Form>
        </DCCReference>
        <DCCReference Include="dialogs\GrantPrivileges.pas">
            <Form>GrantPrivilegesDialog</Form>
        </DCCReference>
        <DCCReference Include="forms\SchemaCompare.pas">
            <Form>SchemaCompareForm</Form>
        </DCCReference>
        <DCCReference Include="..\..\Common\forms\BCForms.PrintPreview.pas">
            <Form>PrintPreviewDialog</Form>
        </DCCReference>
        <DCCReference Include="..\..\Common\units\WebBrowser.BaseContainer.pas"/>
        <DCCReference Include="..\..\Common\units\Diff.pas"/>
        <DCCReference Include="..\..\Common\units\BCCommon.Hash.pas"/>
        <DCCReference Include="..\..\Common\units\WebBrowser.IntfDocHostUIHandler.pas"/>
        <DCCReference Include="..\..\Common\units\WebBrowser.Container.pas"/>
        <DCCReference Include="dialogs\ChangeUserPassword.pas">
            <Form>ChangeUserPasswordDialog</Form>
        </DCCReference>
        <DCCReference Include="dialogs\CustomizeObjectFilters.pas">
            <Form>CustomizeObjectFiltersDialog</Form>
        </DCCReference>
        <DCCReference Include="..\..\Common\units\BCCommon.LanguageStrings.pas">
            <Form>LanguageDataModule</Form>
        </DCCReference>
        <DCCReference Include="..\..\Common\units\BCSQL.Tokenizer.pas"/>
        <DCCReference Include="..\..\Common\units\BCCommon.StyleUtils.pas"/>
        <DCCReference Include="..\..\Common\dialogs\BCDialogs.DownloadURL.pas">
            <Form>DownloadURLDialog</Form>
        </DCCReference>
        <DCCReference Include="..\..\Common\frames\BCFrames.Compare.pas">
            <Form>CompareFrame</Form>
            <DesignClass>TFrame</DesignClass>
        </DCCReference>
        <DCCReference Include="forms\TNSNamesEditor.pas">
            <Form>TNSNamesEditorForm</Form>
        </DCCReference>
        <DCCReference Include="..\..\Common\units\BigIni.pas"/>
        <DCCReference Include="dialogs\TableSourceOptions.pas">
            <Form>TableSourceOptionsDialog</Form>
        </DCCReference>
        <DCCReference Include="..\..\Common\dialogs\BCDialogs.Dlg.pas">
            <Form>Dialog</Form>
        </DCCReference>
        <DCCReference Include="dialogs\HistoryEdit.pas">
            <Form>HistoryEditDialog</Form>
        </DCCReference>
        <DCCReference Include="..\..\Common\units\BCCommon.Dialogs.pas"/>
        <DCCReference Include="..\..\Common\units\BCCommon.FileUtils.pas"/>
        <DCCReference Include="frames\SQLEditorTabSheet.pas">
            <Form>SQLEditorTabSheetFrame</Form>
            <FormType>dfm</FormType>
            <DesignClass>TFrame</DesignClass>
        </DCCReference>
        <DCCReference Include="..\..\Common\units\BCCommon.Encoding.pas"/>
        <DCCReference Include="frames\OutputDataGridTabSheet.pas">
            <Form>OutputDataGridFrame</Form>
            <FormType>dfm</FormType>
            <DesignClass>TFrame</DesignClass>
        </DCCReference>
        <DCCReference Include="frames\OutputPlanGridTabSheet.pas">
            <Form>OutputPlanGridFrame</Form>
            <DesignClass>TFrame</DesignClass>
        </DCCReference>
        <DCCReference Include="frames\OutputListBoxTabSheet.pas">
            <Form>OutputListBoxFrame</Form>
            <FormType>dfm</FormType>
            <DesignClass>TFrame</DesignClass>
        </DCCReference>
        <DCCReference Include="frames\OutputSynEditTabSheet.pas">
            <Form>OutputSynEditFrame</Form>
            <FormType>dfm</FormType>
            <DesignClass>TFrame</DesignClass>
        </DCCReference>
        <DCCReference Include="frames\OutputTreeViewTabSheet.pas">
            <Form>OutputTreeViewFrame</Form>
            <FormType>dfm</FormType>
            <DesignClass>TFrame</DesignClass>
        </DCCReference>
        <DCCReference Include="frames\OptionsEditorOptions.pas">
            <Form>EditorOptionsFrame</Form>
            <DesignClass>TFrame</DesignClass>
        </DCCReference>
        <DCCReference Include="frames\OptionsEditorTabs.pas">
            <Form>EditorTabsFrame</Form>
            <DesignClass>TFrame</DesignClass>
        </DCCReference>
        <DCCReference Include="frames\OptionsMainMenu.pas">
            <Form>MainMenuFrame</Form>
            <DesignClass>TFrame</DesignClass>
        </DCCReference>
        <DCCReference Include="frames\OptionsOutputTabs.pas">
            <Form>OutputTabsFrame</Form>
            <DesignClass>TFrame</DesignClass>
        </DCCReference>
        <DCCReference Include="frames\OptionsDBMSOutput.pas">
            <Form>DBMSOutputFrame</Form>
            <FormType>dfm</FormType>
            <DesignClass>TFrame</DesignClass>
        </DCCReference>
        <DCCReference Include="frames\OptionsSchemaBrowser.pas">
            <Form>OptionsSchemaBrowserFrame</Form>
            <FormType>dfm</FormType>
            <DesignClass>TFrame</DesignClass>
        </DCCReference>
        <DCCReference Include="frames\OptionsObjectFrame.pas">
            <Form>ObjectFrameFrame</Form>
            <FormType>dfm</FormType>
            <DesignClass>TFrame</DesignClass>
        </DCCReference>
        <DCCReference Include="frames\OptionsTimeFormat.pas">
            <Form>TimeFormatFrame</Form>
            <FormType>dfm</FormType>
            <DesignClass>TFrame</DesignClass>
        </DCCReference>
        <DCCReference Include="frames\OptionsDateFormat.pas">
            <Form>DateFormatFrame</Form>
            <FormType>dfm</FormType>
            <DesignClass>TFrame</DesignClass>
        </DCCReference>
        <DCCReference Include="frames\OptionsConnectionTabs.pas">
            <Form>ConnectionTabsFrame</Form>
            <DesignClass>TFrame</DesignClass>
        </DCCReference>
        <DCCReference Include="frames\OptionsStatusBar.pas">
            <Form>StatusBarFrame</Form>
            <DesignClass>TFrame</DesignClass>
        </DCCReference>
        <DCCReference Include="frames\OptionsOutput.pas">
            <Form>OptionsOutputFrame</Form>
            <DesignClass>TFrame</DesignClass>
        </DCCReference>
        <DCCReference Include="frames\OptionsEditorToolBar.pas">
            <Form>EditorToolBarFrame</Form>
            <DesignClass>TFrame</DesignClass>
        </DCCReference>
        <DCCReference Include="..\..\Common\units\BCCommon.LanguageUtils.pas"/>
        <DCCReference Include="..\..\Common\units\BCCommon.Messages.pas"/>
        <DCCReference Include="..\..\Common\units\BCCommon.StringUtils.pas"/>
        <DCCReference Include="forms\Options.pas">
            <Form>OptionsDialog</Form>
            <FormType>dfm</FormType>
        </DCCReference>
        <DCCReference Include="frames\OptionsEditorCompletionProposal.pas">
            <Form>EditorCompletionProposalFrame</Form>
            <FormType>dfm</FormType>
            <DesignClass>TFrame</DesignClass>
        </DCCReference>
        <DCCReference Include="..\..\Common\units\BCCommon.Lib.pas"/>
        <DCCReference Include="frames\OptionsPrint.pas">
            <Form>OptionsPrintFrame</Form>
            <FormType>dfm</FormType>
            <DesignClass>TFrame</DesignClass>
        </DCCReference>
        <DCCReference Include="..\..\Common\units\Vcl.Styles.WebBrowser.pas"/>
        <DCCReference Include="frames\OptionsEditorLeftMargin.pas">
            <Form>EditorLeftMarginFrame</Form>
            <FormType>dfm</FormType>
            <DesignClass>TFrame</DesignClass>
        </DCCReference>
        <DCCReference Include="frames\OptionsEditorRightMargin.pas">
            <Form>EditorRightMarginFrame</Form>
            <FormType>dfm</FormType>
            <DesignClass>TFrame</DesignClass>
        </DCCReference>
        <DCCReference Include="frames\OptionsEditorSearch.pas">
            <Form>EditorSearchFrame</Form>
            <FormType>dfm</FormType>
            <DesignClass>TFrame</DesignClass>
        </DCCReference>
        <DCCReference Include="..\..\Common\units\BCSQL.Formatter.pas"/>
        <DCCReference Include="..\..\Common\frames\BCFrames.OptionsEditorFont.pas">
            <Form>EditorFontFrame</Form>
            <FormType>dfm</FormType>
            <DesignClass>TFrame</DesignClass>
        </DCCReference>
        <DCCReference Include="..\..\Common\frames\BCFrames.OptionsCompare.pas">
            <Form>OptionsCompareFrame</Form>
            <FormType>dfm</FormType>
            <DesignClass>TFrame</DesignClass>
        </DCCReference>
        <BuildConfiguration Include="Release">
            <Key>Cfg_2</Key>
            <CfgParent>Base</CfgParent>
        </BuildConfiguration>
        <BuildConfiguration Include="Base">
            <Key>Base</Key>
        </BuildConfiguration>
        <BuildConfiguration Include="Debug">
            <Key>Cfg_1</Key>
            <CfgParent>Base</CfgParent>
        </BuildConfiguration>
    </ItemGroup>
    <Import Condition="Exists('$(BDS)\Bin\CodeGear.Delphi.Targets')" Project="$(BDS)\Bin\CodeGear.Delphi.Targets"/>
    <Import Condition="Exists('$(APPDATA)\Embarcadero\$(BDSAPPDATABASEDIR)\$(PRODUCTVERSION)\UserTools.proj')" Project="$(APPDATA)\Embarcadero\$(BDSAPPDATABASEDIR)\$(PRODUCTVERSION)\UserTools.proj"/>
    <ProjectExtensions>
        <Borland.Personality>Delphi.Personality.12</Borland.Personality>
        <Borland.ProjectType/>
        <BorlandProject>
            <Delphi.Personality>
                <VersionInfo>
                    <VersionInfo Name="IncludeVerInfo">False</VersionInfo>
                    <VersionInfo Name="AutoIncBuild">False</VersionInfo>
                    <VersionInfo Name="MajorVer">1</VersionInfo>
                    <VersionInfo Name="MinorVer">2</VersionInfo>
                    <VersionInfo Name="Release">0</VersionInfo>
                    <VersionInfo Name="Build">0</VersionInfo>
                    <VersionInfo Name="Debug">False</VersionInfo>
                    <VersionInfo Name="PreRelease">False</VersionInfo>
                    <VersionInfo Name="Special">False</VersionInfo>
                    <VersionInfo Name="Private">False</VersionInfo>
                    <VersionInfo Name="DLL">False</VersionInfo>
                    <VersionInfo Name="Locale">1033</VersionInfo>
                    <VersionInfo Name="CodePage">1252</VersionInfo>
                </VersionInfo>
                <VersionInfoKeys>
                    <VersionInfoKeys Name="CompanyName"/>
                    <VersionInfoKeys Name="FileDescription"/>
                    <VersionInfoKeys Name="FileVersion">1.2.0.0</VersionInfoKeys>
                    <VersionInfoKeys Name="InternalName"/>
                    <VersionInfoKeys Name="LegalCopyright"/>
                    <VersionInfoKeys Name="LegalTrademarks"/>
                    <VersionInfoKeys Name="OriginalFilename"/>
                    <VersionInfoKeys Name="ProductName"/>
                    <VersionInfoKeys Name="ProductVersion">1.0.0.0</VersionInfoKeys>
                    <VersionInfoKeys Name="Comments"/>
                </VersionInfoKeys>
                <Excluded_Packages/>
                <Source>
                    <Source Name="MainSource">OraBone.dpr</Source>
                </Source>
            </Delphi.Personality>
            <Platforms>
                <Platform value="Win32">True</Platform>
                <Platform value="Win64">True</Platform>
            </Platforms>
            <ModelSupport>False</ModelSupport>
            <Deployment>
                <DeployFile LocalName="..\Release\OraBone.exe" Configuration="Release" Class="ProjectOutput">
                    <Platform Name="Win32"/>
                </DeployFile>
                <DeployFile LocalName="..\Release\OraBone.rsm" Configuration="Release" Class="DebugSymbols">
                    <Platform Name="Win32">
                        <RemoteName>OraBone.rsm</RemoteName>
                    </Platform>
                </DeployFile>
                <DeployClass Required="true" Name="ProjectOutput">
                    <Platform Name="OSX32">
                        <RemoteDir>Contents\MacOS</RemoteDir>
                        <Operation>1</Operation>
                    </Platform>
                    <Platform Name="Win32">
                        <Operation>0</Operation>
                    </Platform>
                </DeployClass>
                <DeployClass Required="true" Name="DependencyPackage">
                    <Platform Name="OSX32">
                        <RemoteDir>Contents\MacOS</RemoteDir>
                        <Operation>1</Operation>
                        <Extensions>.dylib</Extensions>
                    </Platform>
                    <Platform Name="Win32">
                        <Operation>0</Operation>
                        <Extensions>.bpl</Extensions>
                    </Platform>
                </DeployClass>
                <DeployClass Name="DependencyModule">
                    <Platform Name="OSX32">
                        <RemoteDir>Contents\MacOS</RemoteDir>
                        <Operation>1</Operation>
                        <Extensions>.dylib</Extensions>
                    </Platform>
                    <Platform Name="Win32">
                        <Operation>0</Operation>
                        <Extensions>.dll;.bpl</Extensions>
                    </Platform>
                </DeployClass>
                <DeployClass Name="ProjectOSXInfoPList">
                    <Platform Name="OSX32">
                        <RemoteDir>Contents</RemoteDir>
                        <Operation>1</Operation>
                    </Platform>
                </DeployClass>
                <DeployClass Name="File">
                    <Platform Name="OSX32">
                        <RemoteDir>Contents\MacOS</RemoteDir>
                        <Operation>0</Operation>
                    </Platform>
                    <Platform Name="Win32">
                        <Operation>0</Operation>
                    </Platform>
                </DeployClass>
                <DeployClass Name="DebugSymbols">
                    <Platform Name="OSX32">
                        <RemoteDir>Contents\MacOS</RemoteDir>
                        <Operation>1</Operation>
                    </Platform>
                    <Platform Name="Win32">
                        <Operation>0</Operation>
                    </Platform>
                </DeployClass>
                <DeployClass Name="DependencyFramework">
                    <Platform Name="OSX32">
                        <RemoteDir>Contents\MacOS</RemoteDir>
                        <Operation>1</Operation>
                        <Extensions>.framework</Extensions>
                    </Platform>
                    <Platform Name="Win32">
                        <Operation>0</Operation>
                    </Platform>
                </DeployClass>
                <DeployClass Name="AdditionalDebugSymbols">
                    <Platform Name="OSX32">
                        <RemoteDir>Contents\MacOS</RemoteDir>
                        <Operation>1</Operation>
                    </Platform>
                    <Platform Name="Win32">
                        <Operation>0</Operation>
                    </Platform>
                </DeployClass>
                <DeployClass Name="ProjectOSXResource">
                    <Platform Name="OSX32">
                        <RemoteDir>Contents\Resources</RemoteDir>
                        <Operation>1</Operation>
                    </Platform>
                </DeployClass>
                <ProjectRoot Platform="OSX32" Name="$(PROJECTNAME).app"/>
                <ProjectRoot Platform="Win64" Name="$(PROJECTNAME)"/>
                <ProjectRoot Platform="Win32" Name="$(PROJECTNAME)"/>
            </Deployment>
        </BorlandProject>
        <ProjectFileVersion>12</ProjectFileVersion>
    </ProjectExtensions>
    <Import Condition="Exists('$(MSBuildProjectName).deployproj')" Project="$(MSBuildProjectName).deployproj"/>
</Project>
